{
    "_meta": {
        "hash": {
            "sha256": "0cab696b6d8b4576be96f4c703e843edb4862d00a2251e632db2e1306286c801"
        },
        "pipfile-spec": 6,
        "requires": {},
        "sources": [
            {
                "url": "https://pypi.python.org/simple",
                "verify_ssl": true
            }
        ]
    },
    "default": {},
    "develop": {
        "atomicwrites": {
            "hashes": [
                "sha256:0312ad34fcad8fac3704d441f7b317e50af620823353ec657a53e981f92920c0",
                "sha256:ec9ae8adaae229e4f8446952d204a3e4b5fdd2d099f9be3aaf556120135fb3ee"
            ],
            "version": "==1.2.1"
        },
        "attrs": {
            "hashes": [
                "sha256:10cbf6e27dbce8c30807caf056c8eb50917e0eaafe86347671b57254006c3e69",
                "sha256:ca4be454458f9dec299268d472aaa5a11f67a4ff70093396e1ceae9c76cf4bbb"
            ],
            "version": "==18.2.0"
        },
        "filelock": {
            "hashes": [
                "sha256:b8d5ca5ca1c815e1574aee746650ea7301de63d87935b3463d26368b76e31633",
                "sha256:d610c1bb404daf85976d7a82eb2ada120f04671007266b708606565dd03b5be6"
            ],
            "version": "==3.0.10"
        },
        "flake8": {
            "hashes": [
                "sha256:6a35f5b8761f45c5513e3405f110a86bea57982c3b75b766ce7b65217abe1670",
                "sha256:c01f8a3963b3571a8e6bd7a4063359aff90749e160778e03817cd9b71c9e07d2"
            ],
            "version": "==3.6.0"
        },
        "isort": {
            "hashes": [
                "sha256:1153601da39a25b14ddc54955dbbacbb6b2d19135386699e2ad58517953b34af",
                "sha256:b9c40e9750f3d77e6e4d441d8b0266cf555e7cdabdcff33c4fd06366ca761ef8",
                "sha256:ec9ef8f4a9bc6f71eec99e1806bfa2de401650d996c59330782b89a5555c1497"
            ],
            "version": "==4.3.4"
        },
        "mccabe": {
            "hashes": [
                "sha256:ab8a6258860da4b6677da4bd2fe5dc2c659cff31b3ee4f7f5d64e79735b80d42",
                "sha256:dd8d182285a0fe56bace7f45b5e7d1a6ebcbf524e8f3bd87eb0f125271b8831f"
            ],
            "version": "==0.6.1"
        },
        "more-itertools": {
            "hashes": [
                "sha256:c187a73da93e7a8acc0001572aebc7e3c69daf7bf6881a2cea10650bd4420092",
                "sha256:c476b5d3a34e12d40130bc2f935028b5f636df8f372dc2c1c01dc19681b2039e",
                "sha256:fcbfeaea0be121980e15bc97b3817b5202ca73d0eae185b4550cbfce2a3ebb3d"
            ],
            "version": "==4.3.0"
        },
        "pluggy": {
            "hashes": [
                "sha256:447ba94990e8014ee25ec853339faf7b0fc8050cdc3289d4d71f7f410fb90095",
                "sha256:bde19360a8ec4dfd8a20dcb811780a30998101f078fc7ded6162f0076f50508f"
            ],
            "version": "==0.8.0"
        },
        "py": {
            "hashes": [
                "sha256:bf92637198836372b520efcba9e020c330123be8ce527e535d185ed4b6f45694",
                "sha256:e76826342cefe3c3d5f7e8ee4316b80d1dd8a300781612ddbc765c17ba25a6c6"
            ],
            "version": "==1.7.0"
        },
        "pycodestyle": {
            "hashes": [
                "sha256:cbc619d09254895b0d12c2c691e237b2e91e9b2ecf5e84c26b35400f93dcfb83",
                "sha256:cbfca99bd594a10f674d0cd97a3d802a1fdef635d4361e1a2658de47ed261e3a"
            ],
            "version": "==2.4.0"
        },
        "pyflakes": {
            "hashes": [
                "sha256:9a7662ec724d0120012f6e29d6248ae3727d821bba522a0e6b356eff19126a49",
                "sha256:f661252913bc1dbe7fcfcbf0af0db3f42ab65aabd1a6ca68fe5d466bace94dae"
            ],
            "version": "==2.0.0"
        },
        "pytest": {
            "hashes": [
                "sha256:1d131cc532be0023ef8ae265e2a779938d0619bb6c2510f52987ffcba7fa1ee4",
                "sha256:ca4761407f1acc85ffd1609f464ca20bb71a767803505bd4127d0e45c5a50e23"
            ],
            "version": "==4.0.1"
        },
        "pytest-django": {
            "hashes": [
                "sha256:deffd9d65827c582bd0a85638a0fe52f0eb65a764872ddcee9ce51cdf6ae9f55",
                "sha256:fe1f71a0171f6b7edac37654da0904c9bd5ffba5221ab5a76779ab870611f41f"
            ],
            "version": "==3.4.4"
        },
        "pytest-flake8": {
            "hashes": [
                "sha256:4f30f5be3efb89755f38f11bdb2a5e22d19a6f5faa73428f703a3292a9572cd3",
                "sha256:c740ad6aa19e3958947d2118f70bed218caf1d2097039fb7318573a2a72f89a1"
            ],
            "version": "==1.0.2"
        },
        "pytest-isort": {
            "hashes": [
                "sha256:2221c0914dfca41914625a646f0d2d1d4c676861b9a7b26746a7fdd40aa2c59b",
                "sha256:c70d0f900f4647bb714f0843dd82d7f7b759904006de31254efdb72ce88e0c0e"
            ],
            "version": "==0.2.1"
        },
        "six": {
            "hashes": [
                "sha256:70e8a77beed4562e7f14fe23a786b54f6296e34344c23bc42f07b15018ff98e9",
                "sha256:832dc0e10feb1aa2c68dcc57dbb658f1c7e65b9b61af69048abc87a2db00a0eb"
            ],
            "version": "==1.11.0"
        },
        "toml": {
            "hashes": [
                "sha256:229f81c57791a41d65e399fc06bf0848bab550a9dfd5ed66df18ce5f05e73d5c",
                "sha256:235682dd292d5899d361a811df37e04a8828a5b1da3115886b73cf81ebc9100e"
            ],
            "version": "==0.10.0"
        },
        "tox": {
            "hashes": [
                "sha256:513e32fdf2f9e2d583c2f248f47ba9886428c949f068ac54a0469cac55df5862",
                "sha256:75fa30e8329b41b664585f5fb837e23ce1d7e6fa1f7811f2be571c990f9d911b"
            ],
            "version": "==3.5.3"
        },
        "virtualenv": {
            "hashes": [
                "sha256:686176c23a538ecc56d27ed9d5217abd34644823d6391cbeb232f42bf722baad",
                "sha256:f899fafcd92e1150f40c8215328be38ff24b519cd95357fa6e78e006c7638208"
            ],
            "version": "==16.1.0"
        }
    }
}
